
Microsoft Visual Studio Solution File, Format Version 12.00
# Visual Studio Version 17
VisualStudioVersion = 17.9.34728.123
MinimumVisualStudioVersion = 10.0.40219.1
Project("{8BC9CEB8-8B4A-11D0-8D11-00A0C91BC942}") = "Server", "Server\Server.vcxproj", "{ADD541FE-6B39-45B3-A058-8DBC28E28402}"
EndProject
Global
	GlobalSection(SolutionConfigurationPlatforms) = preSolution
		Debug|x64 = Debug|x64
		Debug|x86 = Debug|x86
		Release|x64 = Release|x64
		Release|x86 = Release|x86
	EndGlobalSection
	GlobalSection(ProjectConfigurationPlatforms) = postSolution
		{ADD541FE-6B39-45B3-A058-8DBC28E28402}.Debug|x64.ActiveCfg = Debug|x64
		{ADD541FE-6B39-45B3-A058-8DBC28E28402}.Debug|x64.Build.0 = Debug|x64
		{ADD541FE-6B39-45B3-A058-8DBC28E28402}.Debug|x86.ActiveCfg = Debug|Win32
		{ADD541FE-6B39-45B3-A058-8DBC28E28402}.Debug|x86.Build.0 = Debug|Win32
		{ADD541FE-6B39-45B3-A058-8DBC28E28402}.Release|x64.ActiveCfg = Release|x64
		{ADD541FE-6B39-45B3-A058-8DBC28E28402}.Release|x64.Build.0 = Release|x64
		{ADD541FE-6B39-45B3-A058-8DBC28E28402}.Release|x86.ActiveCfg = Release|Win32
		{ADD541FE-6B39-45B3-A058-8DBC28E28402}.Release|x86.Build.0 = Release|Win32
	EndGlobalSection
	GlobalSection(SolutionProperties) = preSolution
		HideSolutionNode = FALSE
	EndGlobalSection
	GlobalSection(ExtensibilityGlobals) = postSolution
		SolutionGuid = {C62747CE-9FE9-4B42-8100-2D0238446826}
	EndGlobalSection
EndGlobal
